
Microsoft Visual Studio Solution File, Format Version 12.00
# Visual Studio Version 16
VisualStudioVersion = 16.0.30711.63
MinimumVisualStudioVersion = 10.0.40219.1
Project("{FAE04EC0-301F-11D3-BF4B-00C04F79EFBC}") = "Trilhas.Api", "Trilhas.Api\Trilhas.Api.csproj", "{CEA735C6-75B2-49B1-B433-6A5D4E3DEAED}"
EndProject
Global
	GlobalSection(SolutionConfigurationPlatforms) = preSolution
		Debug|Any CPU = Debug|Any CPU
		Release|Any CPU = Release|Any CPU
	EndGlobalSection
	GlobalSection(ProjectConfigurationPlatforms) = postSolution
		{CEA735C6-75B2-49B1-B433-6A5D4E3DEAED}.Debug|Any CPU.ActiveCfg = Debug|Any CPU
		{CEA735C6-75B2-49B1-B433-6A5D4E3DEAED}.Debug|Any CPU.Build.0 = Debug|Any CPU
		{CEA735C6-75B2-49B1-B433-6A5D4E3DEAED}.Release|Any CPU.ActiveCfg = Release|Any CPU
		{CEA735C6-75B2-49B1-B433-6A5D4E3DEAED}.Release|Any CPU.Build.0 = Release|Any CPU
	EndGlobalSection
	GlobalSection(SolutionProperties) = preSolution
		HideSolutionNode = FALSE
	EndGlobalSection
	GlobalSection(ExtensibilityGlobals) = postSolution
		SolutionGuid = {4FE14341-ED39-4860-934F-F22DF4A01C45}
	EndGlobalSection
EndGlobal
